
Microsoft Visual Studio Solution File, Format Version 12.00
# Visual Studio Version 17
VisualStudioVersion = 17.0.31903.59
MinimumVisualStudioVersion = 10.0.40219.1
Project("{2150E333-8FDC-42A3-9474-1A3956D46DE8}") = "src", "src", "{827E0CD3-B72D-47B6-A68D-7590B98EB39B}"
EndProject
Project("{FAE04EC0-301F-11D3-BF4B-00C04F79EFBC}") = "WinDirStat.App", "src\WinDirStat.App\WinDirStat.App.csproj", "{E0B08352-4832-4882-A07B-33995DEDC4B9}"
EndProject
Project("{FAE04EC0-301F-11D3-BF4B-00C04F79EFBC}") = "WinDirStat.Core", "src\WinDirStat.Core\WinDirStat.Core.csproj", "{EB7F5EA0-DA63-4D9B-989B-A5395F1E8C99}"
EndProject
Project("{FAE04EC0-301F-11D3-BF4B-00C04F79EFBC}") = "WinDirStat.Services", "src\WinDirStat.Services\WinDirStat.Services.csproj", "{5760CD23-E863-41A2-AD76-3A6DBFC75A32}"
EndProject
Project("{FAE04EC0-301F-11D3-BF4B-00C04F79EFBC}") = "WinDirStat.ViewModels", "src\WinDirStat.ViewModels\WinDirStat.ViewModels.csproj", "{7C9081C8-DBA7-4580-8B1F-3AFAD07CEACD}"
EndProject
Project("{FAE04EC0-301F-11D3-BF4B-00C04F79EFBC}") = "WinDirStat.Tests", "src\WinDirStat.Tests\WinDirStat.Tests.csproj", "{4D437E06-0E23-4B52-A696-86BA2E764379}"
EndProject
Project("{FAE04EC0-301F-11D3-BF4B-00C04F79EFBC}") = "WinDirStat.WinRT", "src\WinDirStat.WinRT\WinDirStat.WinRT.csproj", "{E56C0549-1E45-42A0-9D1E-7801E97034CE}"
EndProject
Global
	GlobalSection(SolutionConfigurationPlatforms) = preSolution
		Debug|Any CPU = Debug|Any CPU
		Debug|x64 = Debug|x64
		Debug|x86 = Debug|x86
		Release|Any CPU = Release|Any CPU
		Release|x64 = Release|x64
		Release|x86 = Release|x86
	EndGlobalSection
	GlobalSection(ProjectConfigurationPlatforms) = postSolution
		{E0B08352-4832-4882-A07B-33995DEDC4B9}.Debug|Any CPU.ActiveCfg = Debug|x86
		{E0B08352-4832-4882-A07B-33995DEDC4B9}.Debug|Any CPU.Build.0 = Debug|x86
		{E0B08352-4832-4882-A07B-33995DEDC4B9}.Debug|x64.ActiveCfg = Debug|x64
		{E0B08352-4832-4882-A07B-33995DEDC4B9}.Debug|x64.Build.0 = Debug|x64
		{E0B08352-4832-4882-A07B-33995DEDC4B9}.Debug|x86.ActiveCfg = Debug|x86
		{E0B08352-4832-4882-A07B-33995DEDC4B9}.Debug|x86.Build.0 = Debug|x86
		{E0B08352-4832-4882-A07B-33995DEDC4B9}.Release|Any CPU.ActiveCfg = Release|x86
		{E0B08352-4832-4882-A07B-33995DEDC4B9}.Release|Any CPU.Build.0 = Release|x86
		{E0B08352-4832-4882-A07B-33995DEDC4B9}.Release|x64.ActiveCfg = Release|x64
		{E0B08352-4832-4882-A07B-33995DEDC4B9}.Release|x64.Build.0 = Release|x64
		{E0B08352-4832-4882-A07B-33995DEDC4B9}.Release|x86.ActiveCfg = Release|x86
		{E0B08352-4832-4882-A07B-33995DEDC4B9}.Release|x86.Build.0 = Release|x86
		{EB7F5EA0-DA63-4D9B-989B-A5395F1E8C99}.Debug|Any CPU.ActiveCfg = Debug|Any CPU
		{EB7F5EA0-DA63-4D9B-989B-A5395F1E8C99}.Debug|Any CPU.Build.0 = Debug|Any CPU
		{EB7F5EA0-DA63-4D9B-989B-A5395F1E8C99}.Debug|x64.ActiveCfg = Debug|Any CPU
		{EB7F5EA0-DA63-4D9B-989B-A5395F1E8C99}.Debug|x64.Build.0 = Debug|Any CPU
		{EB7F5EA0-DA63-4D9B-989B-A5395F1E8C99}.Debug|x86.ActiveCfg = Debug|Any CPU
		{EB7F5EA0-DA63-4D9B-989B-A5395F1E8C99}.Debug|x86.Build.0 = Debug|Any CPU
		{EB7F5EA0-DA63-4D9B-989B-A5395F1E8C99}.Release|Any CPU.ActiveCfg = Release|Any CPU
		{EB7F5EA0-DA63-4D9B-989B-A5395F1E8C99}.Release|Any CPU.Build.0 = Release|Any CPU
		{EB7F5EA0-DA63-4D9B-989B-A5395F1E8C99}.Release|x64.ActiveCfg = Release|Any CPU
		{EB7F5EA0-DA63-4D9B-989B-A5395F1E8C99}.Release|x64.Build.0 = Release|Any CPU
		{EB7F5EA0-DA63-4D9B-989B-A5395F1E8C99}.Release|x86.ActiveCfg = Release|Any CPU
		{EB7F5EA0-DA63-4D9B-989B-A5395F1E8C99}.Release|x86.Build.0 = Release|Any CPU
		{5760CD23-E863-41A2-AD76-3A6DBFC75A32}.Debug|Any CPU.ActiveCfg = Debug|Any CPU
		{5760CD23-E863-41A2-AD76-3A6DBFC75A32}.Debug|Any CPU.Build.0 = Debug|Any CPU
		{5760CD23-E863-41A2-AD76-3A6DBFC75A32}.Debug|x64.ActiveCfg = Debug|Any CPU
		{5760CD23-E863-41A2-AD76-3A6DBFC75A32}.Debug|x64.Build.0 = Debug|Any CPU
		{5760CD23-E863-41A2-AD76-3A6DBFC75A32}.Debug|x86.ActiveCfg = Debug|Any CPU
		{5760CD23-E863-41A2-AD76-3A6DBFC75A32}.Debug|x86.Build.0 = Debug|Any CPU
		{5760CD23-E863-41A2-AD76-3A6DBFC75A32}.Release|Any CPU.ActiveCfg = Release|Any CPU
		{5760CD23-E863-41A2-AD76-3A6DBFC75A32}.Release|Any CPU.Build.0 = Release|Any CPU
		{5760CD23-E863-41A2-AD76-3A6DBFC75A32}.Release|x64.ActiveCfg = Release|Any CPU
		{5760CD23-E863-41A2-AD76-3A6DBFC75A32}.Release|x64.Build.0 = Release|Any CPU
		{5760CD23-E863-41A2-AD76-3A6DBFC75A32}.Release|x86.ActiveCfg = Release|Any CPU
		{5760CD23-E863-41A2-AD76-3A6DBFC75A32}.Release|x86.Build.0 = Release|Any CPU
		{7C9081C8-DBA7-4580-8B1F-3AFAD07CEACD}.Debug|Any CPU.ActiveCfg = Debug|Any CPU
		{7C9081C8-DBA7-4580-8B1F-3AFAD07CEACD}.Debug|Any CPU.Build.0 = Debug|Any CPU
		{7C9081C8-DBA7-4580-8B1F-3AFAD07CEACD}.Debug|x64.ActiveCfg = Debug|Any CPU
		{7C9081C8-DBA7-4580-8B1F-3AFAD07CEACD}.Debug|x64.Build.0 = Debug|Any CPU
		{7C9081C8-DBA7-4580-8B1F-3AFAD07CEACD}.Debug|x86.ActiveCfg = Debug|Any CPU
		{7C9081C8-DBA7-4580-8B1F-3AFAD07CEACD}.Debug|x86.Build.0 = Debug|Any CPU
		{7C9081C8-DBA7-4580-8B1F-3AFAD07CEACD}.Release|Any CPU.ActiveCfg = Release|Any CPU
		{7C9081C8-DBA7-4580-8B1F-3AFAD07CEACD}.Release|Any CPU.Build.0 = Release|Any CPU
		{7C9081C8-DBA7-4580-8B1F-3AFAD07CEACD}.Release|x64.ActiveCfg = Release|Any CPU
		{7C9081C8-DBA7-4580-8B1F-3AFAD07CEACD}.Release|x64.Build.0 = Release|Any CPU
		{7C9081C8-DBA7-4580-8B1F-3AFAD07CEACD}.Release|x86.ActiveCfg = Release|Any CPU
		{7C9081C8-DBA7-4580-8B1F-3AFAD07CEACD}.Release|x86.Build.0 = Release|Any CPU
		{4D437E06-0E23-4B52-A696-86BA2E764379}.Debug|Any CPU.ActiveCfg = Debug|Any CPU
		{4D437E06-0E23-4B52-A696-86BA2E764379}.Debug|Any CPU.Build.0 = Debug|Any CPU
		{4D437E06-0E23-4B52-A696-86BA2E764379}.Debug|x64.ActiveCfg = Debug|Any CPU
		{4D437E06-0E23-4B52-A696-86BA2E764379}.Debug|x64.Build.0 = Debug|Any CPU
		{4D437E06-0E23-4B52-A696-86BA2E764379}.Debug|x86.ActiveCfg = Debug|Any CPU
		{4D437E06-0E23-4B52-A696-86BA2E764379}.Debug|x86.Build.0 = Debug|Any CPU
		{4D437E06-0E23-4B52-A696-86BA2E764379}.Release|Any CPU.ActiveCfg = Release|Any CPU
		{4D437E06-0E23-4B52-A696-86BA2E764379}.Release|Any CPU.Build.0 = Release|Any CPU
		{4D437E06-0E23-4B52-A696-86BA2E764379}.Release|x64.ActiveCfg = Release|Any CPU
		{4D437E06-0E23-4B52-A696-86BA2E764379}.Release|x64.Build.0 = Release|Any CPU
		{4D437E06-0E23-4B52-A696-86BA2E764379}.Release|x86.ActiveCfg = Release|Any CPU
		{4D437E06-0E23-4B52-A696-86BA2E764379}.Release|x86.Build.0 = Release|Any CPU
		{E56C0549-1E45-42A0-9D1E-7801E97034CE}.Debug|Any CPU.ActiveCfg = Debug|x86
    	{E56C0549-1E45-42A0-9D1E-7801E97034CE}.Debug|Any CPU.Build.0 = Debug|x86
        {E56C0549-1E45-42A0-9D1E-7801E97034CE}.Debug|x64.ActiveCfg = Debug|x64
        {E56C0549-1E45-42A0-9D1E-7801E97034CE}.Debug|x64.Build.0 = Debug|x64
        {E56C0549-1E45-42A0-9D1E-7801E97034CE}.Debug|x86.ActiveCfg = Debug|x86
        {E56C0549-1E45-42A0-9D1E-7801E97034CE}.Debug|x86.Build.0 = Debug|x86
        {E56C0549-1E45-42A0-9D1E-7801E97034CE}.Release|Any CPU.ActiveCfg = Release|x86
        {E56C0549-1E45-42A0-9D1E-7801E97034CE}.Release|Any CPU.Build.0 = Release|x86
        {E56C0549-1E45-42A0-9D1E-7801E97034CE}.Release|x64.ActiveCfg = Release|x64
        {E56C0549-1E45-42A0-9D1E-7801E97034CE}.Release|x64.Build.0 = Release|x64
        {E56C0549-1E45-42A0-9D1E-7801E97034CE}.Release|x86.ActiveCfg = Release|x86
        {E56C0549-1E45-42A0-9D1E-7801E97034CE}.Release|x86.Build.0 = Release|x86
	EndGlobalSection
	GlobalSection(SolutionProperties) = preSolution
		HideSolutionNode = FALSE
	EndGlobalSection
	GlobalSection(NestedProjects) = preSolution
		{E0B08352-4832-4882-A07B-33995DEDC4B9} = {827E0CD3-B72D-47B6-A68D-7590B98EB39B}
		{EB7F5EA0-DA63-4D9B-989B-A5395F1E8C99} = {827E0CD3-B72D-47B6-A68D-7590B98EB39B}
		{5760CD23-E863-41A2-AD76-3A6DBFC75A32} = {827E0CD3-B72D-47B6-A68D-7590B98EB39B}
		{7C9081C8-DBA7-4580-8B1F-3AFAD07CEACD} = {827E0CD3-B72D-47B6-A68D-7590B98EB39B}
		{4D437E06-0E23-4B52-A696-86BA2E764379} = {827E0CD3-B72D-47B6-A68D-7590B98EB39B}
		{E56C0549-1E45-42A0-9D1E-7801E97034CE} = {827E0CD3-B72D-47B6-A68D-7590B98EB39B}
	EndGlobalSection
EndGlobal
